// !$*UTF8*$!
{
	archiveVersion = 1;
	classes = {
	};
	objectVersion = 50;
	objects = {

/* Begin PBXBuildFile section */
		B229ABCA268EE0C00081ACF6 /* RepositoryTableViewCell.swift in Sources */ = {isa = PBXBuildFile; fileRef = B229ABC9268EE0C00081ACF6 /* RepositoryTableViewCell.swift */; };
		B22D4B9A268F580200EEA388 /* Assets.xcassets in Resources */ = {isa = PBXBuildFile; fileRef = B22D4B99268F580200EEA388 /* Assets.xcassets */; };
		B266E9B9268DCFA80046E81D /* AppDelegate.swift in Sources */ = {isa = PBXBuildFile; fileRef = B266E9B8268DCFA80046E81D /* AppDelegate.swift */; };
		B266E9BB268DCFA80046E81D /* SceneDelegate.swift in Sources */ = {isa = PBXBuildFile; fileRef = B266E9BA268DCFA80046E81D /* SceneDelegate.swift */; };
		B266E9BD268DCFA80046E81D /* TableViewController.swift in Sources */ = {isa = PBXBuildFile; fileRef = B266E9BC268DCFA80046E81D /* TableViewController.swift */; };
		B266E9C0268DCFA80046E81D /* Main.storyboard in Resources */ = {isa = PBXBuildFile; fileRef = B266E9BE268DCFA80046E81D /* Main.storyboard */; };
		B266E9C5268DCFAA0046E81D /* LaunchScreen.storyboard in Resources */ = {isa = PBXBuildFile; fileRef = B266E9C3268DCFAA0046E81D /* LaunchScreen.storyboard */; };
		B266E9D2268DDDD90046E81D /* RepositoryData.swift in Sources */ = {isa = PBXBuildFile; fileRef = B266E9D1268DDDD90046E81D /* RepositoryData.swift */; };
		B266E9D4268DE2D20046E81D /* RepositoryManager.swift in Sources */ = {isa = PBXBuildFile; fileRef = B266E9D3268DE2D20046E81D /* RepositoryManager.swift */; };
/* End PBXBuildFile section */

/* Begin PBXFileReference section */
		B229ABC9268EE0C00081ACF6 /* RepositoryTableViewCell.swift */ = {isa = PBXFileReference; lastKnownFileType = sourcecode.swift; path = RepositoryTableViewCell.swift; sourceTree = "<group>"; };
		B22D4B99268F580200EEA388 /* Assets.xcassets */ = {isa = PBXFileReference; lastKnownFileType = folder.assetcatalog; path = Assets.xcassets; sourceTree = "<group>"; };
		B266E9B5268DCFA80046E81D /* SearchGitHub.app */ = {isa = PBXFileReference; explicitFileType = wrapper.application; includeInIndex = 0; path = SearchGitHub.app; sourceTree = BUILT_PRODUCTS_DIR; };
		B266E9B8268DCFA80046E81D /* AppDelegate.swift */ = {isa = PBXFileReference; lastKnownFileType = sourcecode.swift; path = AppDelegate.swift; sourceTree = "<group>"; };
		B266E9BA268DCFA80046E81D /* SceneDelegate.swift */ = {isa = PBXFileReference; lastKnownFileType = sourcecode.swift; path = SceneDelegate.swift; sourceTree = "<group>"; };
		B266E9BC268DCFA80046E81D /* TableViewController.swift */ = {isa = PBXFileReference; lastKnownFileType = sourcecode.swift; path = TableViewController.swift; sourceTree = "<group>"; };
		B266E9BF268DCFA80046E81D /* Base */ = {isa = PBXFileReference; lastKnownFileType = file.storyboard; name = Base; path = Base.lproj/Main.storyboard; sourceTree = "<group>"; };
		B266E9C4268DCFAA0046E81D /* Base */ = {isa = PBXFileReference; lastKnownFileType = file.storyboard; name = Base; path = Base.lproj/LaunchScreen.storyboard; sourceTree = "<group>"; };
		B266E9C6268DCFAA0046E81D /* Info.plist */ = {isa = PBXFileReference; lastKnownFileType = text.plist.xml; path = Info.plist; sourceTree = "<group>"; };
		B266E9D1268DDDD90046E81D /* RepositoryData.swift */ = {isa = PBXFileReference; lastKnownFileType = sourcecode.swift; path = RepositoryData.swift; sourceTree = "<group>"; };
		B266E9D3268DE2D20046E81D /* RepositoryManager.swift */ = {isa = PBXFileReference; lastKnownFileType = sourcecode.swift; path = RepositoryManager.swift; sourceTree = "<group>"; };
/* End PBXFileReference section */

/* Begin PBXFrameworksBuildPhase section */
		B266E9B2268DCFA80046E81D /* Frameworks */ = {
			isa = PBXFrameworksBuildPhase;
			buildActionMask = 2147483647;
			files = (
			);
			runOnlyForDeploymentPostprocessing = 0;
		};
/* End PBXFrameworksBuildPhase section */

/* Begin PBXGroup section */
		B266E9AC268DCFA80046E81D = {
			isa = PBXGroup;
			children = (
				B266E9B7268DCFA80046E81D /* SearchGitHub */,
				B266E9B6268DCFA80046E81D /* Products */,
			);
			sourceTree = "<group>";
		};
		B266E9B6268DCFA80046E81D /* Products */ = {
			isa = PBXGroup;
			children = (
				B266E9B5268DCFA80046E81D /* SearchGitHub.app */,
			);
			name = Products;
			sourceTree = "<group>";
		};
		B266E9B7268DCFA80046E81D /* SearchGitHub */ = {
			isa = PBXGroup;
			children = (
				B266E9B8268DCFA80046E81D /* AppDelegate.swift */,
				B266E9BA268DCFA80046E81D /* SceneDelegate.swift */,
				B266E9CF268DD9500046E81D /* Models */,
				B266E9CE268DD9450046E81D /* ViewModels */,
				B266E9CC268DD8EC0046E81D /* Views */,
				B266E9CD268DD9120046E81D /* Controllers */,
				B266E9D0268DD97C0046E81D /* SupportingFiles */,
				B266E9C6268DCFAA0046E81D /* Info.plist */,
			);
			path = SearchGitHub;
			sourceTree = "<group>";
		};
		B266E9CC268DD8EC0046E81D /* Views */ = {
			isa = PBXGroup;
			children = (
				B266E9BE268DCFA80046E81D /* Main.storyboard */,
				B266E9C3268DCFAA0046E81D /* LaunchScreen.storyboard */,
			);
			path = Views;
			sourceTree = "<group>";
		};
		B266E9CD268DD9120046E81D /* Controllers */ = {
			isa = PBXGroup;
			children = (
				B266E9BC268DCFA80046E81D /* TableViewController.swift */,
			);
			path = Controllers;
			sourceTree = "<group>";
		};
		B266E9CE268DD9450046E81D /* ViewModels */ = {
			isa = PBXGroup;
			children = (
				B229ABC9268EE0C00081ACF6 /* RepositoryTableViewCell.swift */,
			);
			path = ViewModels;
			sourceTree = "<group>";
		};
		B266E9CF268DD9500046E81D /* Models */ = {
			isa = PBXGroup;
			children = (
				B266E9D1268DDDD90046E81D /* RepositoryData.swift */,
				B266E9D3268DE2D20046E81D /* RepositoryManager.swift */,
			);
			path = Models;
			sourceTree = "<group>";
		};
		B266E9D0268DD97C0046E81D /* SupportingFiles */ = {
			isa = PBXGroup;
			children = (
				B22D4B99268F580200EEA388 /* Assets.xcassets */,
			);
			path = SupportingFiles;
			sourceTree = "<group>";
		};
/* End PBXGroup section */

/* Begin PBXNativeTarget section */
		B266E9B4268DCFA80046E81D /* SearchGitHub */ = {
			isa = PBXNativeTarget;
			buildConfigurationList = B266E9C9268DCFAA0046E81D /* Build configuration list for PBXNativeTarget "SearchGitHub" */;
			buildPhases = (
				B266E9B1268DCFA80046E81D /* Sources */,
				B266E9B2268DCFA80046E81D /* Frameworks */,
				B266E9B3268DCFA80046E81D /* Resources */,
			);
			buildRules = (
			);
			dependencies = (
			);
			name = SearchGitHub;
			productName = SearchGitHub;
			productReference = B266E9B5268DCFA80046E81D /* SearchGitHub.app */;
			productType = "com.apple.product-type.application";
		};
/* End PBXNativeTarget section */

/* Begin PBXProject section */
		B266E9AD268DCFA80046E81D /* Project object */ = {
			isa = PBXProject;
			attributes = {
				LastSwiftUpdateCheck = 1250;
				LastUpgradeCheck = 1250;
				TargetAttributes = {
					B266E9B4268DCFA80046E81D = {
						CreatedOnToolsVersion = 12.5;
					};
				};
			};
			buildConfigurationList = B266E9B0268DCFA80046E81D /* Build configuration list for PBXProject "SearchGitHub" */;
			compatibilityVersion = "Xcode 9.3";
			developmentRegion = en;
			hasScannedForEncodings = 0;
			knownRegions = (
				en,
				Base,
			);
			mainGroup = B266E9AC268DCFA80046E81D;
			productRefGroup = B266E9B6268DCFA80046E81D /* Products */;
			projectDirPath = "";
			projectRoot = "";
			targets = (
				B266E9B4268DCFA80046E81D /* SearchGitHub */,
			);
		};
/* End PBXProject section */

/* Begin PBXResourcesBuildPhase section */
		B266E9B3268DCFA80046E81D /* Resources */ = {
			isa = PBXResourcesBuildPhase;
			buildActionMask = 2147483647;
			files = (
				B266E9C5268DCFAA0046E81D /* LaunchScreen.storyboard in Resources */,
				B22D4B9A268F580200EEA388 /* Assets.xcassets in Resources */,
				B266E9C0268DCFA80046E81D /* Main.storyboard in Resources */,
			);
			runOnlyForDeploymentPostprocessing = 0;
		};
/* End PBXResourcesBuildPhase section */

/* Begin PBXSourcesBuildPhase section */
		B266E9B1268DCFA80046E81D /* Sources */ = {
			isa = PBXSourcesBuildPhase;
			buildActionMask = 2147483647;
			files = (
				B266E9BD268DCFA80046E81D /* TableViewController.swift in Sources */,
				B266E9B9268DCFA80046E81D /* AppDelegate.swift in Sources */,
				B266E9BB268DCFA80046E81D /* SceneDelegate.swift in Sources */,
				B229ABCA268EE0C00081ACF6 /* RepositoryTableViewCell.swift in Sources */,
				B266E9D2268DDDD90046E81D /* RepositoryData.swift in Sources */,
				B266E9D4268DE2D20046E81D /* RepositoryManager.swift in Sources */,
			);
			runOnlyForDeploymentPostprocessing = 0;
		};
/* End PBXSourcesBuildPhase section */

/* Begin PBXVariantGroup section */
		B266E9BE268DCFA80046E81D /* Main.storyboard */ = {
			isa = PBXVariantGroup;
			children = (
				B266E9BF268DCFA80046E81D /* Base */,
			);
			name = Main.storyboard;
			sourceTree = "<group>";
		};
		B266E9C3268DCFAA0046E81D /* LaunchScreen.storyboard */ = {
			isa = PBXVariantGroup;
			children = (
				B266E9C4268DCFAA0046E81D /* Base */,
			);
			name = LaunchScreen.storyboard;
			sourceTree = "<group>";
		};
/* End PBXVariantGroup section */

/* Begin XCBuildConfiguration section */
		B266E9C7268DCFAA0046E81D /* Debug */ = {
			isa = XCBuildConfiguration;
			buildSettings = {
				ALWAYS_SEARCH_USER_PATHS = NO;
				CLANG_ANALYZER_NONNULL = YES;
				CLANG_ANALYZER_NUMBER_OBJECT_CONVERSION = YES_AGGRESSIVE;
				CLANG_CXX_LANGUAGE_STANDARD = "gnu++14";
				CLANG_CXX_LIBRARY = "libc++";
				CLANG_ENABLE_MODULES = YES;
				CLANG_ENABLE_OBJC_ARC = YES;
				CLANG_ENABLE_OBJC_WEAK = YES;
				CLANG_WARN_BLOCK_CAPTURE_AUTORELEASING = YES;
				CLANG_WARN_BOOL_CONVERSION = YES;
				CLANG_WARN_COMMA = YES;
				CLANG_WARN_CONSTANT_CONVERSION = YES;
				CLANG_WARN_DEPRECATED_OBJC_IMPLEMENTATIONS = YES;
				CLANG_WARN_DIRECT_OBJC_ISA_USAGE = YES_ERROR;
				CLANG_WARN_DOCUMENTATION_COMMENTS = YES;
				CLANG_WARN_EMPTY_BODY = YES;
				CLANG_WARN_ENUM_CONVERSION = YES;
				CLANG_WARN_INFINITE_RECURSION = YES;
				CLANG_WARN_INT_CONVERSION = YES;
				CLANG_WARN_NON_LITERAL_NULL_CONVERSION = YES;
				CLANG_WARN_OBJC_IMPLICIT_RETAIN_SELF = YES;
				CLANG_WARN_OBJC_LITERAL_CONVERSION = YES;
				CLANG_WARN_OBJC_ROOT_CLASS = YES_ERROR;
				CLANG_WARN_QUOTED_INCLUDE_IN_FRAMEWORK_HEADER = YES;
				CLANG_WARN_RANGE_LOOP_ANALYSIS = YES;
				CLANG_WARN_STRICT_PROTOTYPES = YES;
				CLANG_WARN_SUSPICIOUS_MOVE = YES;
				CLANG_WARN_UNGUARDED_AVAILABILITY = YES_AGGRESSIVE;
				CLANG_WARN_UNREACHABLE_CODE = YES;
				CLANG_WARN__DUPLICATE_METHOD_MATCH = YES;
				COPY_PHASE_STRIP = NO;
				DEBUG_INFORMATION_FORMAT = dwarf;
				ENABLE_STRICT_OBJC_MSGSEND = YES;
				ENABLE_TESTABILITY = YES;
				GCC_C_LANGUAGE_STANDARD = gnu11;
				GCC_DYNAMIC_NO_PIC = NO;
				GCC_NO_COMMON_BLOCKS = YES;
				GCC_OPTIMIZATION_LEVEL = 0;
				GCC_PREPROCESSOR_DEFINITIONS = (
					"DEBUG=1",
					"$(inherited)",
				);
				GCC_WARN_64_TO_32_BIT_CONVERSION = YES;
				GCC_WARN_ABOUT_RETURN_TYPE = YES_ERROR;
				GCC_WARN_UNDECLARED_SELECTOR = YES;
				GCC_WARN_UNINITIALIZED_AUTOS = YES_AGGRESSIVE;
				GCC_WARN_UNUSED_FUNCTION = YES;
				GCC_WARN_UNUSED_VARIABLE = YES;
				IPHONEOS_DEPLOYMENT_TARGET = 14.5;
				MTL_ENABLE_DEBUG_INFO = INCLUDE_SOURCE;
				MTL_FAST_MATH = YES;
				ONLY_ACTIVE_ARCH = YES;
				SDKROOT = iphoneos;
				SWIFT_ACTIVE_COMPILATION_CONDITIONS = DEBUG;
				SWIFT_OPTIMIZATION_LEVEL = "-Onone";
			};
			name = Debug;
		};
		B266E9C8268DCFAA0046E81D /* Release */ = {
			isa = XCBuildConfiguration;
			buildSettings = {
				ALWAYS_SEARCH_USER_PATHS = NO;
				CLANG_ANALYZER_NONNULL = YES;
				CLANG_ANALYZER_NUMBER_OBJECT_CONVERSION = YES_AGGRESSIVE;
				CLANG_CXX_LANGUAGE_STANDARD = "gnu++14";
				CLANG_CXX_LIBRARY = "libc++";
				CLANG_ENABLE_MODULES = YES;
				CLANG_ENABLE_OBJC_ARC = YES;
				CLANG_ENABLE_OBJC_WEAK = YES;
				CLANG_WARN_BLOCK_CAPTURE_AUTORELEASING = YES;
				CLANG_WARN_BOOL_CONVERSION = YES;
				CLANG_WARN_COMMA = YES;
				CLANG_WARN_CONSTANT_CONVERSION = YES;
				CLANG_WARN_DEPRECATED_OBJC_IMPLEMENTATIONS = YES;
				CLANG_WARN_DIRECT_OBJC_ISA_USAGE = YES_ERROR;
				CLANG_WARN_DOCUMENTATION_COMMENTS = YES;
				CLANG_WARN_EMPTY_BODY = YES;
				CLANG_WARN_ENUM_CONVERSION = YES;
				CLANG_WARN_INFINITE_RECURSION = YES;
				CLANG_WARN_INT_CONVERSION = YES;
				CLANG_WARN_NON_LITERAL_NULL_CONVERSION = YES;
				CLANG_WARN_OBJC_IMPLICIT_RETAIN_SELF = YES;
				CLANG_WARN_OBJC_LITERAL_CONVERSION = YES;
				CLANG_WARN_OBJC_ROOT_CLASS = YES_ERROR;
				CLANG_WARN_QUOTED_INCLUDE_IN_FRAMEWORK_HEADER = YES;
				CLANG_WARN_RANGE_LOOP_ANALYSIS = YES;
				CLANG_WARN_STRICT_PROTOTYPES = YES;
				CLANG_WARN_SUSPICIOUS_MOVE = YES;
				CLANG_WARN_UNGUARDED_AVAILABILITY = YES_AGGRESSIVE;
				CLANG_WARN_UNREACHABLE_CODE = YES;
				CLANG_WARN__DUPLICATE_METHOD_MATCH = YES;
				COPY_PHASE_STRIP = NO;
				DEBUG_INFORMATION_FORMAT = "dwarf-with-dsym";
				ENABLE_NS_ASSERTIONS = NO;
				ENABLE_STRICT_OBJC_MSGSEND = YES;
				GCC_C_LANGUAGE_STANDARD = gnu11;
				GCC_NO_COMMON_BLOCKS = YES;
				GCC_WARN_64_TO_32_BIT_CONVERSION = YES;
				GCC_WARN_ABOUT_RETURN_TYPE = YES_ERROR;
				GCC_WARN_UNDECLARED_SELECTOR = YES;
				GCC_WARN_UNINITIALIZED_AUTOS = YES_AGGRESSIVE;
				GCC_WARN_UNUSED_FUNCTION = YES;
				GCC_WARN_UNUSED_VARIABLE = YES;
				IPHONEOS_DEPLOYMENT_TARGET = 14.5;
				MTL_ENABLE_DEBUG_INFO = NO;
				MTL_FAST_MATH = YES;
				SDKROOT = iphoneos;
				SWIFT_COMPILATION_MODE = wholemodule;
				SWIFT_OPTIMIZATION_LEVEL = "-O";
				VALIDATE_PRODUCT = YES;
			};
			name = Release;
		};
		B266E9CA268DCFAA0046E81D /* Debug */ = {
			isa = XCBuildConfiguration;
			buildSettings = {
				ASSETCATALOG_COMPILER_APPICON_NAME = AppIcon;
				ASSETCATALOG_COMPILER_GLOBAL_ACCENT_COLOR_NAME = AccentColor;
				CODE_SIGN_STYLE = Automatic;
				DEVELOPMENT_TEAM = VY98AN8PPN;
				INFOPLIST_FILE = SearchGitHub/Info.plist;
				LD_RUNPATH_SEARCH_PATHS = (
					"$(inherited)",
					"@executable_path/Frameworks",
				);
				PRODUCT_BUNDLE_IDENTIFIER = com.Mickey.SearchGitHub;
				PRODUCT_NAME = "$(TARGET_NAME)";
				SWIFT_VERSION = 5.0;
				TARGETED_DEVICE_FAMILY = "1,2";
			};
			name = Debug;
		};
		B266E9CB268DCFAA0046E81D /* Release */ = {
			isa = XCBuildConfiguration;
			buildSettings = {
				ASSETCATALOG_COMPILER_APPICON_NAME = AppIcon;
				ASSETCATALOG_COMPILER_GLOBAL_ACCENT_COLOR_NAME = AccentColor;
				CODE_SIGN_STYLE = Automatic;
				DEVELOPMENT_TEAM = VY98AN8PPN;
				INFOPLIST_FILE = SearchGitHub/Info.plist;
				LD_RUNPATH_SEARCH_PATHS = (
					"$(inherited)",
					"@executable_path/Frameworks",
				);
				PRODUCT_BUNDLE_IDENTIFIER = com.Mickey.SearchGitHub;
				PRODUCT_NAME = "$(TARGET_NAME)";
				SWIFT_VERSION = 5.0;
				TARGETED_DEVICE_FAMILY = "1,2";
			};
			name = Release;
		};
/* End XCBuildConfiguration section */

/* Begin XCConfigurationList section */
		B266E9B0268DCFA80046E81D /* Build configuration list for PBXProject "SearchGitHub" */ = {
			isa = XCConfigurationList;
			buildConfigurations = (
				B266E9C7268DCFAA0046E81D /* Debug */,
				B266E9C8268DCFAA0046E81D /* Release */,
			);
			defaultConfigurationIsVisible = 0;
			defaultConfigurationName = Release;
		};
		B266E9C9268DCFAA0046E81D /* Build configuration list for PBXNativeTarget "SearchGitHub" */ = {
			isa = XCConfigurationList;
			buildConfigurations = (
				B266E9CA268DCFAA0046E81D /* Debug */,
				B266E9CB268DCFAA0046E81D /* Release */,
			);
			defaultConfigurationIsVisible = 0;
			defaultConfigurationName = Release;
		};
/* End XCConfigurationList section */
	};
	rootObject = B266E9AD268DCFA80046E81D /* Project object */;
}
